
Microsoft Visual Studio Solution File, Format Version 12.00
# Visual Studio Version 16
VisualStudioVersion = 16.0.29209.62
MinimumVisualStudioVersion = 10.0.40219.1
Project("{FAE04EC0-301F-11D3-BF4B-00C04F79EFBC}") = "DnDWorld", "DnDWorld\DnDWorld.csproj", "{FAA8FBA6-C29C-44CE-BCDC-984E90882543}"
EndProject
Global
	GlobalSection(SolutionConfigurationPlatforms) = preSolution
		Debug|Any CPU = Debug|Any CPU
		Release|Any CPU = Release|Any CPU
	EndGlobalSection
	GlobalSection(ProjectConfigurationPlatforms) = postSolution
		{FAA8FBA6-C29C-44CE-BCDC-984E90882543}.Debug|Any CPU.ActiveCfg = Debug|Any CPU
		{FAA8FBA6-C29C-44CE-BCDC-984E90882543}.Debug|Any CPU.Build.0 = Debug|Any CPU
		{FAA8FBA6-C29C-44CE-BCDC-984E90882543}.Release|Any CPU.ActiveCfg = Release|Any CPU
		{FAA8FBA6-C29C-44CE-BCDC-984E90882543}.Release|Any CPU.Build.0 = Release|Any CPU
	EndGlobalSection
	GlobalSection(SolutionProperties) = preSolution
		HideSolutionNode = FALSE
	EndGlobalSection
	GlobalSection(ExtensibilityGlobals) = postSolution
		SolutionGuid = {B0D05D44-3824-4DF9-8486-8301C513C5D3}
	EndGlobalSection
EndGlobal
